// !$*UTF8*$!
{
	archiveVersion = 1;
	classes = {
	};
	objectVersion = 56;
	objects = {

/* Begin PBXBuildFile section */
		11E0368D2C260FD700821251 /* TodoYandexApp.swift in Sources */ = {isa = PBXBuildFile; fileRef = 11E0368C2C260FD700821251 /* TodoYandexApp.swift */; };
		11E0368F2C260FD700821251 /* ContentView.swift in Sources */ = {isa = PBXBuildFile; fileRef = 11E0368E2C260FD700821251 /* ContentView.swift */; };
		11E036912C260FD900821251 /* Assets.xcassets in Resources */ = {isa = PBXBuildFile; fileRef = 11E036902C260FD900821251 /* Assets.xcassets */; };
		11E036942C260FD900821251 /* Preview Assets.xcassets in Resources */ = {isa = PBXBuildFile; fileRef = 11E036932C260FD900821251 /* Preview Assets.xcassets */; };
		11E0369E2C260FDA00821251 /* TodoYandexTests.swift in Sources */ = {isa = PBXBuildFile; fileRef = 11E0369D2C260FDA00821251 /* TodoYandexTests.swift */; };
		11E036A82C260FDA00821251 /* TodoYandexUITests.swift in Sources */ = {isa = PBXBuildFile; fileRef = 11E036A72C260FDA00821251 /* TodoYandexUITests.swift */; };
		11E036AA2C260FDA00821251 /* TodoYandexUITestsLaunchTests.swift in Sources */ = {isa = PBXBuildFile; fileRef = 11E036A92C260FDA00821251 /* TodoYandexUITestsLaunchTests.swift */; };
		11E036B92C2610A700821251 /* TodoItem.swift in Sources */ = {isa = PBXBuildFile; fileRef = 11E036B82C2610A700821251 /* TodoItem.swift */; };
		11E036BB2C2610CC00821251 /* TodoItem+Seeds.swift in Sources */ = {isa = PBXBuildFile; fileRef = 11E036BA2C2610CC00821251 /* TodoItem+Seeds.swift */; };
		11E036BE2C2610F700821251 /* FileCache.swift in Sources */ = {isa = PBXBuildFile; fileRef = 11E036BD2C2610F700821251 /* FileCache.swift */; };
		11E036C02C26110D00821251 /* FileCacheError.swift in Sources */ = {isa = PBXBuildFile; fileRef = 11E036BF2C26110D00821251 /* FileCacheError.swift */; };
		11E036C32C26113600821251 /* String+Extensions.swift in Sources */ = {isa = PBXBuildFile; fileRef = 11E036C22C26113600821251 /* String+Extensions.swift */; };
		11E036C82C2611B100821251 /* TodoItemTests.swift in Sources */ = {isa = PBXBuildFile; fileRef = 11E036C72C2611B100821251 /* TodoItemTests.swift */; };
/* End PBXBuildFile section */

/* Begin PBXContainerItemProxy section */
		11E0369A2C260FDA00821251 /* PBXContainerItemProxy */ = {
			isa = PBXContainerItemProxy;
			containerPortal = 11E036812C260FD700821251 /* Project object */;
			proxyType = 1;
			remoteGlobalIDString = 11E036882C260FD700821251;
			remoteInfo = TodoYandex;
		};
		11E036A42C260FDA00821251 /* PBXContainerItemProxy */ = {
			isa = PBXContainerItemProxy;
			containerPortal = 11E036812C260FD700821251 /* Project object */;
			proxyType = 1;
			remoteGlobalIDString = 11E036882C260FD700821251;
			remoteInfo = TodoYandex;
		};
/* End PBXContainerItemProxy section */

/* Begin PBXFileReference section */
		11E036892C260FD700821251 /* TodoYandex.app */ = {isa = PBXFileReference; explicitFileType = wrapper.application; includeInIndex = 0; path = TodoYandex.app; sourceTree = BUILT_PRODUCTS_DIR; };
		11E0368C2C260FD700821251 /* TodoYandexApp.swift */ = {isa = PBXFileReference; lastKnownFileType = sourcecode.swift; path = TodoYandexApp.swift; sourceTree = "<group>"; };
		11E0368E2C260FD700821251 /* ContentView.swift */ = {isa = PBXFileReference; lastKnownFileType = sourcecode.swift; path = ContentView.swift; sourceTree = "<group>"; };
		11E036902C260FD900821251 /* Assets.xcassets */ = {isa = PBXFileReference; lastKnownFileType = folder.assetcatalog; path = Assets.xcassets; sourceTree = "<group>"; };
		11E036932C260FD900821251 /* Preview Assets.xcassets */ = {isa = PBXFileReference; lastKnownFileType = folder.assetcatalog; path = "Preview Assets.xcassets"; sourceTree = "<group>"; };
		11E036992C260FDA00821251 /* TodoYandexTests.xctest */ = {isa = PBXFileReference; explicitFileType = wrapper.cfbundle; includeInIndex = 0; path = TodoYandexTests.xctest; sourceTree = BUILT_PRODUCTS_DIR; };
		11E0369D2C260FDA00821251 /* TodoYandexTests.swift */ = {isa = PBXFileReference; lastKnownFileType = sourcecode.swift; path = TodoYandexTests.swift; sourceTree = "<group>"; };
		11E036A32C260FDA00821251 /* TodoYandexUITests.xctest */ = {isa = PBXFileReference; explicitFileType = wrapper.cfbundle; includeInIndex = 0; path = TodoYandexUITests.xctest; sourceTree = BUILT_PRODUCTS_DIR; };
		11E036A72C260FDA00821251 /* TodoYandexUITests.swift */ = {isa = PBXFileReference; lastKnownFileType = sourcecode.swift; path = TodoYandexUITests.swift; sourceTree = "<group>"; };
		11E036A92C260FDA00821251 /* TodoYandexUITestsLaunchTests.swift */ = {isa = PBXFileReference; lastKnownFileType = sourcecode.swift; path = TodoYandexUITestsLaunchTests.swift; sourceTree = "<group>"; };
		11E036B82C2610A700821251 /* TodoItem.swift */ = {isa = PBXFileReference; lastKnownFileType = sourcecode.swift; path = TodoItem.swift; sourceTree = "<group>"; };
		11E036BA2C2610CC00821251 /* TodoItem+Seeds.swift */ = {isa = PBXFileReference; lastKnownFileType = sourcecode.swift; path = "TodoItem+Seeds.swift"; sourceTree = "<group>"; };
		11E036BD2C2610F700821251 /* FileCache.swift */ = {isa = PBXFileReference; lastKnownFileType = sourcecode.swift; path = FileCache.swift; sourceTree = "<group>"; };
		11E036BF2C26110D00821251 /* FileCacheError.swift */ = {isa = PBXFileReference; lastKnownFileType = sourcecode.swift; path = FileCacheError.swift; sourceTree = "<group>"; };
		11E036C22C26113600821251 /* String+Extensions.swift */ = {isa = PBXFileReference; lastKnownFileType = sourcecode.swift; path = "String+Extensions.swift"; sourceTree = "<group>"; };
		11E036C72C2611B100821251 /* TodoItemTests.swift */ = {isa = PBXFileReference; lastKnownFileType = sourcecode.swift; path = TodoItemTests.swift; sourceTree = "<group>"; };
/* End PBXFileReference section */

/* Begin PBXFrameworksBuildPhase section */
		11E036862C260FD700821251 /* Frameworks */ = {
			isa = PBXFrameworksBuildPhase;
			buildActionMask = 2147483647;
			files = (
			);
			runOnlyForDeploymentPostprocessing = 0;
		};
		11E036962C260FDA00821251 /* Frameworks */ = {
			isa = PBXFrameworksBuildPhase;
			buildActionMask = 2147483647;
			files = (
			);
			runOnlyForDeploymentPostprocessing = 0;
		};
		11E036A02C260FDA00821251 /* Frameworks */ = {
			isa = PBXFrameworksBuildPhase;
			buildActionMask = 2147483647;
			files = (
			);
			runOnlyForDeploymentPostprocessing = 0;
		};
/* End PBXFrameworksBuildPhase section */

/* Begin PBXGroup section */
		11E036802C260FD700821251 = {
			isa = PBXGroup;
			children = (
				11E0368B2C260FD700821251 /* TodoYandex */,
				11E0369C2C260FDA00821251 /* TodoYandexTests */,
				11E036A62C260FDA00821251 /* TodoYandexUITests */,
				11E0368A2C260FD700821251 /* Products */,
			);
			sourceTree = "<group>";
		};
		11E0368A2C260FD700821251 /* Products */ = {
			isa = PBXGroup;
			children = (
				11E036892C260FD700821251 /* TodoYandex.app */,
				11E036992C260FDA00821251 /* TodoYandexTests.xctest */,
				11E036A32C260FDA00821251 /* TodoYandexUITests.xctest */,
			);
			name = Products;
			sourceTree = "<group>";
		};
		11E0368B2C260FD700821251 /* TodoYandex */ = {
			isa = PBXGroup;
			children = (
				11E036C12C26112600821251 /* Extensions */,
				11E036BC2C2610E700821251 /* Cache */,
				11E036B72C26109B00821251 /* Models */,
				11E036C62C26116300821251 /* Application */,
				11E036C42C26114300821251 /* View */,
				11E036C52C26115B00821251 /* Resources */,
				11E036922C260FD900821251 /* Preview Content */,
			);
			path = TodoYandex;
			sourceTree = "<group>";
		};
		11E036922C260FD900821251 /* Preview Content */ = {
			isa = PBXGroup;
			children = (
				11E036932C260FD900821251 /* Preview Assets.xcassets */,
			);
			path = "Preview Content";
			sourceTree = "<group>";
		};
		11E0369C2C260FDA00821251 /* TodoYandexTests */ = {
			isa = PBXGroup;
			children = (
				11E0369D2C260FDA00821251 /* TodoYandexTests.swift */,
			);
			path = TodoYandexTests;
			sourceTree = "<group>";
		};
		11E036A62C260FDA00821251 /* TodoYandexUITests */ = {
			isa = PBXGroup;
			children = (
				11E036A72C260FDA00821251 /* TodoYandexUITests.swift */,
				11E036A92C260FDA00821251 /* TodoYandexUITestsLaunchTests.swift */,
			);
			path = TodoYandexUITests;
			sourceTree = "<group>";
		};
		11E036B72C26109B00821251 /* Models */ = {
			isa = PBXGroup;
			children = (
				11E036B82C2610A700821251 /* TodoItem.swift */,
				11E036BA2C2610CC00821251 /* TodoItem+Seeds.swift */,
				11E036C72C2611B100821251 /* TodoItemTests.swift */,
			);
			path = Models;
			sourceTree = "<group>";
		};
		11E036BC2C2610E700821251 /* Cache */ = {
			isa = PBXGroup;
			children = (
				11E036BD2C2610F700821251 /* FileCache.swift */,
				11E036BF2C26110D00821251 /* FileCacheError.swift */,
			);
			path = Cache;
			sourceTree = "<group>";
		};
		11E036C12C26112600821251 /* Extensions */ = {
			isa = PBXGroup;
			children = (
				11E036C22C26113600821251 /* String+Extensions.swift */,
			);
			path = Extensions;
			sourceTree = "<group>";
		};
		11E036C42C26114300821251 /* View */ = {
			isa = PBXGroup;
			children = (
				11E0368E2C260FD700821251 /* ContentView.swift */,
			);
			path = View;
			sourceTree = "<group>";
		};
		11E036C52C26115B00821251 /* Resources */ = {
			isa = PBXGroup;
			children = (
				11E036902C260FD900821251 /* Assets.xcassets */,
			);
			path = Resources;
			sourceTree = "<group>";
		};
		11E036C62C26116300821251 /* Application */ = {
			isa = PBXGroup;
			children = (
				11E0368C2C260FD700821251 /* TodoYandexApp.swift */,
			);
			path = Application;
			sourceTree = "<group>";
		};
/* End PBXGroup section */

/* Begin PBXNativeTarget section */
		11E036882C260FD700821251 /* TodoYandex */ = {
			isa = PBXNativeTarget;
			buildConfigurationList = 11E036AD2C260FDA00821251 /* Build configuration list for PBXNativeTarget "TodoYandex" */;
			buildPhases = (
				11E036852C260FD700821251 /* Sources */,
				11E036862C260FD700821251 /* Frameworks */,
				11E036872C260FD700821251 /* Resources */,
			);
			buildRules = (
			);
			dependencies = (
			);
			name = TodoYandex;
			productName = TodoYandex;
			productReference = 11E036892C260FD700821251 /* TodoYandex.app */;
			productType = "com.apple.product-type.application";
		};
		11E036982C260FDA00821251 /* TodoYandexTests */ = {
			isa = PBXNativeTarget;
			buildConfigurationList = 11E036B02C260FDA00821251 /* Build configuration list for PBXNativeTarget "TodoYandexTests" */;
			buildPhases = (
				11E036952C260FDA00821251 /* Sources */,
				11E036962C260FDA00821251 /* Frameworks */,
				11E036972C260FDA00821251 /* Resources */,
			);
			buildRules = (
			);
			dependencies = (
				11E0369B2C260FDA00821251 /* PBXTargetDependency */,
			);
			name = TodoYandexTests;
			productName = TodoYandexTests;
			productReference = 11E036992C260FDA00821251 /* TodoYandexTests.xctest */;
			productType = "com.apple.product-type.bundle.unit-test";
		};
		11E036A22C260FDA00821251 /* TodoYandexUITests */ = {
			isa = PBXNativeTarget;
			buildConfigurationList = 11E036B32C260FDA00821251 /* Build configuration list for PBXNativeTarget "TodoYandexUITests" */;
			buildPhases = (
				11E0369F2C260FDA00821251 /* Sources */,
				11E036A02C260FDA00821251 /* Frameworks */,
				11E036A12C260FDA00821251 /* Resources */,
			);
			buildRules = (
			);
			dependencies = (
				11E036A52C260FDA00821251 /* PBXTargetDependency */,
			);
			name = TodoYandexUITests;
			productName = TodoYandexUITests;
			productReference = 11E036A32C260FDA00821251 /* TodoYandexUITests.xctest */;
			productType = "com.apple.product-type.bundle.ui-testing";
		};
/* End PBXNativeTarget section */

/* Begin PBXProject section */
		11E036812C260FD700821251 /* Project object */ = {
			isa = PBXProject;
			attributes = {
				BuildIndependentTargetsInParallel = 1;
				LastSwiftUpdateCheck = 1540;
				LastUpgradeCheck = 1540;
				TargetAttributes = {
					11E036882C260FD700821251 = {
						CreatedOnToolsVersion = 15.4;
					};
					11E036982C260FDA00821251 = {
						CreatedOnToolsVersion = 15.4;
						TestTargetID = 11E036882C260FD700821251;
					};
					11E036A22C260FDA00821251 = {
						CreatedOnToolsVersion = 15.4;
						TestTargetID = 11E036882C260FD700821251;
					};
				};
			};
			buildConfigurationList = 11E036842C260FD700821251 /* Build configuration list for PBXProject "TodoYandex" */;
			compatibilityVersion = "Xcode 14.0";
			developmentRegion = en;
			hasScannedForEncodings = 0;
			knownRegions = (
				en,
				Base,
			);
			mainGroup = 11E036802C260FD700821251;
			productRefGroup = 11E0368A2C260FD700821251 /* Products */;
			projectDirPath = "";
			projectRoot = "";
			targets = (
				11E036882C260FD700821251 /* TodoYandex */,
				11E036982C260FDA00821251 /* TodoYandexTests */,
				11E036A22C260FDA00821251 /* TodoYandexUITests */,
			);
		};
/* End PBXProject section */

/* Begin PBXResourcesBuildPhase section */
		11E036872C260FD700821251 /* Resources */ = {
			isa = PBXResourcesBuildPhase;
			buildActionMask = 2147483647;
			files = (
				11E036942C260FD900821251 /* Preview Assets.xcassets in Resources */,
				11E036912C260FD900821251 /* Assets.xcassets in Resources */,
			);
			runOnlyForDeploymentPostprocessing = 0;
		};
		11E036972C260FDA00821251 /* Resources */ = {
			isa = PBXResourcesBuildPhase;
			buildActionMask = 2147483647;
			files = (
			);
			runOnlyForDeploymentPostprocessing = 0;
		};
		11E036A12C260FDA00821251 /* Resources */ = {
			isa = PBXResourcesBuildPhase;
			buildActionMask = 2147483647;
			files = (
			);
			runOnlyForDeploymentPostprocessing = 0;
		};
/* End PBXResourcesBuildPhase section */

/* Begin PBXSourcesBuildPhase section */
		11E036852C260FD700821251 /* Sources */ = {
			isa = PBXSourcesBuildPhase;
			buildActionMask = 2147483647;
			files = (
				11E0368F2C260FD700821251 /* ContentView.swift in Sources */,
				11E036C32C26113600821251 /* String+Extensions.swift in Sources */,
				11E036B92C2610A700821251 /* TodoItem.swift in Sources */,
				11E0368D2C260FD700821251 /* TodoYandexApp.swift in Sources */,
				11E036C02C26110D00821251 /* FileCacheError.swift in Sources */,
				11E036BE2C2610F700821251 /* FileCache.swift in Sources */,
				11E036BB2C2610CC00821251 /* TodoItem+Seeds.swift in Sources */,
			);
			runOnlyForDeploymentPostprocessing = 0;
		};
		11E036952C260FDA00821251 /* Sources */ = {
			isa = PBXSourcesBuildPhase;
			buildActionMask = 2147483647;
			files = (
				11E036C82C2611B100821251 /* TodoItemTests.swift in Sources */,
				11E0369E2C260FDA00821251 /* TodoYandexTests.swift in Sources */,
			);
			runOnlyForDeploymentPostprocessing = 0;
		};
		11E0369F2C260FDA00821251 /* Sources */ = {
			isa = PBXSourcesBuildPhase;
			buildActionMask = 2147483647;
			files = (
				11E036A82C260FDA00821251 /* TodoYandexUITests.swift in Sources */,
				11E036AA2C260FDA00821251 /* TodoYandexUITestsLaunchTests.swift in Sources */,
			);
			runOnlyForDeploymentPostprocessing = 0;
		};
/* End PBXSourcesBuildPhase section */

/* Begin PBXTargetDependency section */
		11E0369B2C260FDA00821251 /* PBXTargetDependency */ = {
			isa = PBXTargetDependency;
			target = 11E036882C260FD700821251 /* TodoYandex */;
			targetProxy = 11E0369A2C260FDA00821251 /* PBXContainerItemProxy */;
		};
		11E036A52C260FDA00821251 /* PBXTargetDependency */ = {
			isa = PBXTargetDependency;
			target = 11E036882C260FD700821251 /* TodoYandex */;
			targetProxy = 11E036A42C260FDA00821251 /* PBXContainerItemProxy */;
		};
/* End PBXTargetDependency section */

/* Begin XCBuildConfiguration section */
		11E036AB2C260FDA00821251 /* Debug */ = {
			isa = XCBuildConfiguration;
			buildSettings = {
				ALWAYS_SEARCH_USER_PATHS = NO;
				ASSETCATALOG_COMPILER_GENERATE_SWIFT_ASSET_SYMBOL_EXTENSIONS = YES;
				CLANG_ANALYZER_NONNULL = YES;
				CLANG_ANALYZER_NUMBER_OBJECT_CONVERSION = YES_AGGRESSIVE;
				CLANG_CXX_LANGUAGE_STANDARD = "gnu++20";
				CLANG_ENABLE_MODULES = YES;
				CLANG_ENABLE_OBJC_ARC = YES;
				CLANG_ENABLE_OBJC_WEAK = YES;
				CLANG_WARN_BLOCK_CAPTURE_AUTORELEASING = YES;
				CLANG_WARN_BOOL_CONVERSION = YES;
				CLANG_WARN_COMMA = YES;
				CLANG_WARN_CONSTANT_CONVERSION = YES;
				CLANG_WARN_DEPRECATED_OBJC_IMPLEMENTATIONS = YES;
				CLANG_WARN_DIRECT_OBJC_ISA_USAGE = YES_ERROR;
				CLANG_WARN_DOCUMENTATION_COMMENTS = YES;
				CLANG_WARN_EMPTY_BODY = YES;
				CLANG_WARN_ENUM_CONVERSION = YES;
				CLANG_WARN_INFINITE_RECURSION = YES;
				CLANG_WARN_INT_CONVERSION = YES;
				CLANG_WARN_NON_LITERAL_NULL_CONVERSION = YES;
				CLANG_WARN_OBJC_IMPLICIT_RETAIN_SELF = YES;
				CLANG_WARN_OBJC_LITERAL_CONVERSION = YES;
				CLANG_WARN_OBJC_ROOT_CLASS = YES_ERROR;
				CLANG_WARN_QUOTED_INCLUDE_IN_FRAMEWORK_HEADER = YES;
				CLANG_WARN_RANGE_LOOP_ANALYSIS = YES;
				CLANG_WARN_STRICT_PROTOTYPES = YES;
				CLANG_WARN_SUSPICIOUS_MOVE = YES;
				CLANG_WARN_UNGUARDED_AVAILABILITY = YES_AGGRESSIVE;
				CLANG_WARN_UNREACHABLE_CODE = YES;
				CLANG_WARN__DUPLICATE_METHOD_MATCH = YES;
				COPY_PHASE_STRIP = NO;
				DEBUG_INFORMATION_FORMAT = dwarf;
				ENABLE_STRICT_OBJC_MSGSEND = YES;
				ENABLE_TESTABILITY = YES;
				ENABLE_USER_SCRIPT_SANDBOXING = YES;
				GCC_C_LANGUAGE_STANDARD = gnu17;
				GCC_DYNAMIC_NO_PIC = NO;
				GCC_NO_COMMON_BLOCKS = YES;
				GCC_OPTIMIZATION_LEVEL = 0;
				GCC_PREPROCESSOR_DEFINITIONS = (
					"DEBUG=1",
					"$(inherited)",
				);
				GCC_WARN_64_TO_32_BIT_CONVERSION = YES;
				GCC_WARN_ABOUT_RETURN_TYPE = YES_ERROR;
				GCC_WARN_UNDECLARED_SELECTOR = YES;
				GCC_WARN_UNINITIALIZED_AUTOS = YES_AGGRESSIVE;
				GCC_WARN_UNUSED_FUNCTION = YES;
				GCC_WARN_UNUSED_VARIABLE = YES;
				IPHONEOS_DEPLOYMENT_TARGET = 17.5;
				LOCALIZATION_PREFERS_STRING_CATALOGS = YES;
				MTL_ENABLE_DEBUG_INFO = INCLUDE_SOURCE;
				MTL_FAST_MATH = YES;
				ONLY_ACTIVE_ARCH = YES;
				SDKROOT = iphoneos;
				SWIFT_ACTIVE_COMPILATION_CONDITIONS = "DEBUG $(inherited)";
				SWIFT_OPTIMIZATION_LEVEL = "-Onone";
			};
			name = Debug;
		};
		11E036AC2C260FDA00821251 /* Release */ = {
			isa = XCBuildConfiguration;
			buildSettings = {
				ALWAYS_SEARCH_USER_PATHS = NO;
				ASSETCATALOG_COMPILER_GENERATE_SWIFT_ASSET_SYMBOL_EXTENSIONS = YES;
				CLANG_ANALYZER_NONNULL = YES;
				CLANG_ANALYZER_NUMBER_OBJECT_CONVERSION = YES_AGGRESSIVE;
				CLANG_CXX_LANGUAGE_STANDARD = "gnu++20";
				CLANG_ENABLE_MODULES = YES;
				CLANG_ENABLE_OBJC_ARC = YES;
				CLANG_ENABLE_OBJC_WEAK = YES;
				CLANG_WARN_BLOCK_CAPTURE_AUTORELEASING = YES;
				CLANG_WARN_BOOL_CONVERSION = YES;
				CLANG_WARN_COMMA = YES;
				CLANG_WARN_CONSTANT_CONVERSION = YES;
				CLANG_WARN_DEPRECATED_OBJC_IMPLEMENTATIONS = YES;
				CLANG_WARN_DIRECT_OBJC_ISA_USAGE = YES_ERROR;
				CLANG_WARN_DOCUMENTATION_COMMENTS = YES;
				CLANG_WARN_EMPTY_BODY = YES;
				CLANG_WARN_ENUM_CONVERSION = YES;
				CLANG_WARN_INFINITE_RECURSION = YES;
				CLANG_WARN_INT_CONVERSION = YES;
				CLANG_WARN_NON_LITERAL_NULL_CONVERSION = YES;
				CLANG_WARN_OBJC_IMPLICIT_RETAIN_SELF = YES;
				CLANG_WARN_OBJC_LITERAL_CONVERSION = YES;
				CLANG_WARN_OBJC_ROOT_CLASS = YES_ERROR;
				CLANG_WARN_QUOTED_INCLUDE_IN_FRAMEWORK_HEADER = YES;
				CLANG_WARN_RANGE_LOOP_ANALYSIS = YES;
				CLANG_WARN_STRICT_PROTOTYPES = YES;
				CLANG_WARN_SUSPICIOUS_MOVE = YES;
				CLANG_WARN_UNGUARDED_AVAILABILITY = YES_AGGRESSIVE;
				CLANG_WARN_UNREACHABLE_CODE = YES;
				CLANG_WARN__DUPLICATE_METHOD_MATCH = YES;
				COPY_PHASE_STRIP = NO;
				DEBUG_INFORMATION_FORMAT = "dwarf-with-dsym";
				ENABLE_NS_ASSERTIONS = NO;
				ENABLE_STRICT_OBJC_MSGSEND = YES;
				ENABLE_USER_SCRIPT_SANDBOXING = YES;
				GCC_C_LANGUAGE_STANDARD = gnu17;
				GCC_NO_COMMON_BLOCKS = YES;
				GCC_WARN_64_TO_32_BIT_CONVERSION = YES;
				GCC_WARN_ABOUT_RETURN_TYPE = YES_ERROR;
				GCC_WARN_UNDECLARED_SELECTOR = YES;
				GCC_WARN_UNINITIALIZED_AUTOS = YES_AGGRESSIVE;
				GCC_WARN_UNUSED_FUNCTION = YES;
				GCC_WARN_UNUSED_VARIABLE = YES;
				IPHONEOS_DEPLOYMENT_TARGET = 17.5;
				LOCALIZATION_PREFERS_STRING_CATALOGS = YES;
				MTL_ENABLE_DEBUG_INFO = NO;
				MTL_FAST_MATH = YES;
				SDKROOT = iphoneos;
				SWIFT_COMPILATION_MODE = wholemodule;
				VALIDATE_PRODUCT = YES;
			};
			name = Release;
		};
		11E036AE2C260FDA00821251 /* Debug */ = {
			isa = XCBuildConfiguration;
			buildSettings = {
				ASSETCATALOG_COMPILER_APPICON_NAME = AppIcon;
				ASSETCATALOG_COMPILER_GLOBAL_ACCENT_COLOR_NAME = AccentColor;
				CODE_SIGN_STYLE = Automatic;
				CURRENT_PROJECT_VERSION = 1;
				DEVELOPMENT_ASSET_PATHS = "\"TodoYandex/Preview Content\"";
				DEVELOPMENT_TEAM = HM795YG5L5;
				ENABLE_PREVIEWS = YES;
				GENERATE_INFOPLIST_FILE = YES;
				INFOPLIST_KEY_UIApplicationSceneManifest_Generation = YES;
				INFOPLIST_KEY_UIApplicationSupportsIndirectInputEvents = YES;
				INFOPLIST_KEY_UILaunchScreen_Generation = YES;
				INFOPLIST_KEY_UISupportedInterfaceOrientations_iPad = "UIInterfaceOrientationPortrait UIInterfaceOrientationPortraitUpsideDown UIInterfaceOrientationLandscapeLeft UIInterfaceOrientationLandscapeRight";
				INFOPLIST_KEY_UISupportedInterfaceOrientations_iPhone = "UIInterfaceOrientationPortrait UIInterfaceOrientationLandscapeLeft UIInterfaceOrientationLandscapeRight";
				LD_RUNPATH_SEARCH_PATHS = (
					"$(inherited)",
					"@executable_path/Frameworks",
				);
				MARKETING_VERSION = 1.0;
				PRODUCT_BUNDLE_IDENTIFIER = AG.TodoYandex;
				PRODUCT_NAME = "$(TARGET_NAME)";
				SWIFT_EMIT_LOC_STRINGS = YES;
				SWIFT_VERSION = 5.0;
				TARGETED_DEVICE_FAMILY = "1,2";
			};
			name = Debug;
		};
		11E036AF2C260FDA00821251 /* Release */ = {
			isa = XCBuildConfiguration;
			buildSettings = {
				ASSETCATALOG_COMPILER_APPICON_NAME = AppIcon;
				ASSETCATALOG_COMPILER_GLOBAL_ACCENT_COLOR_NAME = AccentColor;
				CODE_SIGN_STYLE = Automatic;
				CURRENT_PROJECT_VERSION = 1;
				DEVELOPMENT_ASSET_PATHS = "\"TodoYandex/Preview Content\"";
				DEVELOPMENT_TEAM = HM795YG5L5;
				ENABLE_PREVIEWS = YES;
				GENERATE_INFOPLIST_FILE = YES;
				INFOPLIST_KEY_UIApplicationSceneManifest_Generation = YES;
				INFOPLIST_KEY_UIApplicationSupportsIndirectInputEvents = YES;
				INFOPLIST_KEY_UILaunchScreen_Generation = YES;
				INFOPLIST_KEY_UISupportedInterfaceOrientations_iPad = "UIInterfaceOrientationPortrait UIInterfaceOrientationPortraitUpsideDown UIInterfaceOrientationLandscapeLeft UIInterfaceOrientationLandscapeRight";
				INFOPLIST_KEY_UISupportedInterfaceOrientations_iPhone = "UIInterfaceOrientationPortrait UIInterfaceOrientationLandscapeLeft UIInterfaceOrientationLandscapeRight";
				LD_RUNPATH_SEARCH_PATHS = (
					"$(inherited)",
					"@executable_path/Frameworks",
				);
				MARKETING_VERSION = 1.0;
				PRODUCT_BUNDLE_IDENTIFIER = AG.TodoYandex;
				PRODUCT_NAME = "$(TARGET_NAME)";
				SWIFT_EMIT_LOC_STRINGS = YES;
				SWIFT_VERSION = 5.0;
				TARGETED_DEVICE_FAMILY = "1,2";
			};
			name = Release;
		};
		11E036B12C260FDA00821251 /* Debug */ = {
			isa = XCBuildConfiguration;
			buildSettings = {
				ALWAYS_EMBED_SWIFT_STANDARD_LIBRARIES = YES;
				BUNDLE_LOADER = "$(TEST_HOST)";
				CODE_SIGN_STYLE = Automatic;
				CURRENT_PROJECT_VERSION = 1;
				DEVELOPMENT_TEAM = HM795YG5L5;
				GENERATE_INFOPLIST_FILE = YES;
				IPHONEOS_DEPLOYMENT_TARGET = 17.5;
				MARKETING_VERSION = 1.0;
				PRODUCT_BUNDLE_IDENTIFIER = AG.TodoYandexTests;
				PRODUCT_NAME = "$(TARGET_NAME)";
				SWIFT_EMIT_LOC_STRINGS = NO;
				SWIFT_VERSION = 5.0;
				TARGETED_DEVICE_FAMILY = "1,2";
				TEST_HOST = "$(BUILT_PRODUCTS_DIR)/TodoYandex.app/$(BUNDLE_EXECUTABLE_FOLDER_PATH)/TodoYandex";
			};
			name = Debug;
		};
		11E036B22C260FDA00821251 /* Release */ = {
			isa = XCBuildConfiguration;
			buildSettings = {
				ALWAYS_EMBED_SWIFT_STANDARD_LIBRARIES = YES;
				BUNDLE_LOADER = "$(TEST_HOST)";
				CODE_SIGN_STYLE = Automatic;
				CURRENT_PROJECT_VERSION = 1;
				DEVELOPMENT_TEAM = HM795YG5L5;
				GENERATE_INFOPLIST_FILE = YES;
				IPHONEOS_DEPLOYMENT_TARGET = 17.5;
				MARKETING_VERSION = 1.0;
				PRODUCT_BUNDLE_IDENTIFIER = AG.TodoYandexTests;
				PRODUCT_NAME = "$(TARGET_NAME)";
				SWIFT_EMIT_LOC_STRINGS = NO;
				SWIFT_VERSION = 5.0;
				TARGETED_DEVICE_FAMILY = "1,2";
				TEST_HOST = "$(BUILT_PRODUCTS_DIR)/TodoYandex.app/$(BUNDLE_EXECUTABLE_FOLDER_PATH)/TodoYandex";
			};
			name = Release;
		};
		11E036B42C260FDA00821251 /* Debug */ = {
			isa = XCBuildConfiguration;
			buildSettings = {
				ALWAYS_EMBED_SWIFT_STANDARD_LIBRARIES = YES;
				CODE_SIGN_STYLE = Automatic;
				CURRENT_PROJECT_VERSION = 1;
				DEVELOPMENT_TEAM = HM795YG5L5;
				GENERATE_INFOPLIST_FILE = YES;
				MARKETING_VERSION = 1.0;
				PRODUCT_BUNDLE_IDENTIFIER = AG.TodoYandexUITests;
				PRODUCT_NAME = "$(TARGET_NAME)";
				SWIFT_EMIT_LOC_STRINGS = NO;
				SWIFT_VERSION = 5.0;
				TARGETED_DEVICE_FAMILY = "1,2";
				TEST_TARGET_NAME = TodoYandex;
			};
			name = Debug;
		};
		11E036B52C260FDA00821251 /* Release */ = {
			isa = XCBuildConfiguration;
			buildSettings = {
				ALWAYS_EMBED_SWIFT_STANDARD_LIBRARIES = YES;
				CODE_SIGN_STYLE = Automatic;
				CURRENT_PROJECT_VERSION = 1;
				DEVELOPMENT_TEAM = HM795YG5L5;
				GENERATE_INFOPLIST_FILE = YES;
				MARKETING_VERSION = 1.0;
				PRODUCT_BUNDLE_IDENTIFIER = AG.TodoYandexUITests;
				PRODUCT_NAME = "$(TARGET_NAME)";
				SWIFT_EMIT_LOC_STRINGS = NO;
				SWIFT_VERSION = 5.0;
				TARGETED_DEVICE_FAMILY = "1,2";
				TEST_TARGET_NAME = TodoYandex;
			};
			name = Release;
		};
/* End XCBuildConfiguration section */

/* Begin XCConfigurationList section */
		11E036842C260FD700821251 /* Build configuration list for PBXProject "TodoYandex" */ = {
			isa = XCConfigurationList;
			buildConfigurations = (
				11E036AB2C260FDA00821251 /* Debug */,
				11E036AC2C260FDA00821251 /* Release */,
			);
			defaultConfigurationIsVisible = 0;
			defaultConfigurationName = Release;
		};
		11E036AD2C260FDA00821251 /* Build configuration list for PBXNativeTarget "TodoYandex" */ = {
			isa = XCConfigurationList;
			buildConfigurations = (
				11E036AE2C260FDA00821251 /* Debug */,
				11E036AF2C260FDA00821251 /* Release */,
			);
			defaultConfigurationIsVisible = 0;
			defaultConfigurationName = Release;
		};
		11E036B02C260FDA00821251 /* Build configuration list for PBXNativeTarget "TodoYandexTests" */ = {
			isa = XCConfigurationList;
			buildConfigurations = (
				11E036B12C260FDA00821251 /* Debug */,
				11E036B22C260FDA00821251 /* Release */,
			);
			defaultConfigurationIsVisible = 0;
			defaultConfigurationName = Release;
		};
		11E036B32C260FDA00821251 /* Build configuration list for PBXNativeTarget "TodoYandexUITests" */ = {
			isa = XCConfigurationList;
			buildConfigurations = (
				11E036B42C260FDA00821251 /* Debug */,
				11E036B52C260FDA00821251 /* Release */,
			);
			defaultConfigurationIsVisible = 0;
			defaultConfigurationName = Release;
		};
/* End XCConfigurationList section */
	};
	rootObject = 11E036812C260FD700821251 /* Project object */;
}
